
Microsoft Visual Studio Solution File, Format Version 12.00
# Visual Studio Version 17
VisualStudioVersion = 17.6.33829.357
MinimumVisualStudioVersion = 10.0.40219.1
Project("{8BC9CEB8-8B4A-11D0-8D11-00A0C91BC942}") = "MiniSimpleMode", "SimpleMode\SimpleMode.vcxproj", "{D3877B0F-2AB7-4D8D-A506-009409260B1D}"
EndProject
Project("{8BC9CEB8-8B4A-11D0-8D11-00A0C91BC942}") = "SimpleMod_User", "SimpleMod_User\SimpleMod_User.vcxproj", "{F487EC03-0502-4438-B449-4085598FA37D}"
EndProject
Global
	GlobalSection(SolutionConfigurationPlatforms) = preSolution
		Debug|x64 = Debug|x64
		Debug|x86 = Debug|x86
		Release|x64 = Release|x64
		Release|x86 = Release|x86
	EndGlobalSection
	GlobalSection(ProjectConfigurationPlatforms) = postSolution
		{D3877B0F-2AB7-4D8D-A506-009409260B1D}.Debug|x64.ActiveCfg = Debug|x64
		{D3877B0F-2AB7-4D8D-A506-009409260B1D}.Debug|x64.Build.0 = Debug|x64
		{D3877B0F-2AB7-4D8D-A506-009409260B1D}.Debug|x86.ActiveCfg = Debug|Win32
		{D3877B0F-2AB7-4D8D-A506-009409260B1D}.Debug|x86.Build.0 = Debug|Win32
		{D3877B0F-2AB7-4D8D-A506-009409260B1D}.Release|x64.ActiveCfg = Release|x64
		{D3877B0F-2AB7-4D8D-A506-009409260B1D}.Release|x64.Build.0 = Release|x64
		{D3877B0F-2AB7-4D8D-A506-009409260B1D}.Release|x86.ActiveCfg = Release|Win32
		{D3877B0F-2AB7-4D8D-A506-009409260B1D}.Release|x86.Build.0 = Release|Win32
		{F487EC03-0502-4438-B449-4085598FA37D}.Debug|x64.ActiveCfg = Debug|x64
		{F487EC03-0502-4438-B449-4085598FA37D}.Debug|x64.Build.0 = Debug|x64
		{F487EC03-0502-4438-B449-4085598FA37D}.Debug|x86.ActiveCfg = Debug|Win32
		{F487EC03-0502-4438-B449-4085598FA37D}.Debug|x86.Build.0 = Debug|Win32
		{F487EC03-0502-4438-B449-4085598FA37D}.Release|x64.ActiveCfg = Release|x64
		{F487EC03-0502-4438-B449-4085598FA37D}.Release|x64.Build.0 = Release|x64
		{F487EC03-0502-4438-B449-4085598FA37D}.Release|x86.ActiveCfg = Release|Win32
		{F487EC03-0502-4438-B449-4085598FA37D}.Release|x86.Build.0 = Release|Win32
	EndGlobalSection
	GlobalSection(SolutionProperties) = preSolution
		HideSolutionNode = FALSE
	EndGlobalSection
	GlobalSection(ExtensibilityGlobals) = postSolution
		SolutionGuid = {B67C025F-B4E8-44DE-8B03-DF1ED111B99B}
	EndGlobalSection
EndGlobal
