<?xml version="1.0" encoding="utf-8"?>
<Project ToolsVersion="4.0" xmlns="http://schemas.microsoft.com/developer/msbuild/2003">
  <ItemGroup>
    <Filter Include="源文件">
      <UniqueIdentifier>{4FC737F1-C7A5-4376-A066-2A32D752A2FF}</UniqueIdentifier>
      <Extensions>cpp;c;cc;cxx;c++;cppm;ixx;def;odl;idl;hpj;bat;asm;asmx</Extensions>
    </Filter>
    <Filter Include="资源文件">
      <UniqueIdentifier>{67DA6AB6-F800-4c08-8B7A-83BB121AAD01}</UniqueIdentifier>
      <Extensions>rc;ico;cur;bmp;dlg;rc2;rct;bin;rgs;gif;jpg;jpeg;jpe;resx;tiff;tif;png;wav;mfcribbon-ms</Extensions>
    </Filter>
    <Filter Include="include">
      <UniqueIdentifier>{93995380-89BD-4b04-88EB-625FBE52EBFB}</UniqueIdentifier>
      <Extensions>h;hh;hpp;hxx;h++;hm;inl;inc;ipp;xsd</Extensions>
    </Filter>
    <Filter Include="include\includes">
      <UniqueIdentifier>{c78ec2c9-7d54-43b5-a8dd-e68761293a4e}</UniqueIdentifier>
    </Filter>
    <Filter Include="include\SDK">
      <UniqueIdentifier>{ffca4b8e-70d3-469f-a2c2-cf5575717f3b}</UniqueIdentifier>
    </Filter>
    <Filter Include="include\Utils">
      <UniqueIdentifier>{c7eaeff8-9546-4dec-b104-4ec8e8e1278b}</UniqueIdentifier>
    </Filter>
    <Filter Include="include\SimpleMode">
      <UniqueIdentifier>{e9a428d2-2d23-4bc8-b29a-117989cc5ad5}</UniqueIdentifier>
    </Filter>
    <Filter Include="include\SimpleMode\Menu">
      <UniqueIdentifier>{553f2747-cd27-495d-8f15-ef291d9ea71c}</UniqueIdentifier>
    </Filter>
    <Filter Include="include\SimpleMode\Module">
      <UniqueIdentifier>{0467fabe-bf33-43f8-acea-d59b36db0ef9}</UniqueIdentifier>
    </Filter>
    <Filter Include="include\SimpleMode\Module\Modules">
      <UniqueIdentifier>{ab8cf3e3-5b77-4b09-9b58-804867575117}</UniqueIdentifier>
    </Filter>
    <Filter Include="include\includes\chakra">
      <UniqueIdentifier>{41949788-7a20-4d97-9a32-8e1e4ccb3108}</UniqueIdentifier>
    </Filter>
    <Filter Include="include\includes\imgui">
      <UniqueIdentifier>{b5ab8861-8f98-493b-a6d3-73feb2331744}</UniqueIdentifier>
    </Filter>
    <Filter Include="include\includes\kiero">
      <UniqueIdentifier>{e883ff1c-5439-4c61-a2cf-944fdfadbe8a}</UniqueIdentifier>
    </Filter>
    <Filter Include="include\SimpleMode\Module\Modules\Combat">
      <UniqueIdentifier>{203cb3cd-e9b2-4dbd-831c-7a55708b9ab4}</UniqueIdentifier>
    </Filter>
    <Filter Include="include\SimpleMode\Module\Modules\Movement">
      <UniqueIdentifier>{4b82de6b-dfe1-4ae2-b215-5402598b0e4e}</UniqueIdentifier>
    </Filter>
    <Filter Include="include\SimpleMode\Module\Modules\Player">
      <UniqueIdentifier>{b8b8e905-e210-4b0e-9dfd-346c932424ed}</UniqueIdentifier>
    </Filter>
    <Filter Include="include\SimpleMode\Module\Modules\Visual">
      <UniqueIdentifier>{70760e74-dbc4-42f6-8f7c-55ba10db9d8e}</UniqueIdentifier>
    </Filter>
    <Filter Include="include\SimpleMode\Module\Modules\World">
      <UniqueIdentifier>{80edd32a-7fa8-435e-9c43-e853c2771c87}</UniqueIdentifier>
    </Filter>
    <Filter Include="include\SimpleMode\Module\Modules\Misc">
      <UniqueIdentifier>{efc5d679-4f50-4d10-b7fb-8a666aef4406}</UniqueIdentifier>
    </Filter>
    <Filter Include="include\Memory">
      <UniqueIdentifier>{b81d50f9-aca8-4f6c-a573-c7910c051e73}</UniqueIdentifier>
    </Filter>
    <Filter Include="include\includes\lib">
      <UniqueIdentifier>{d87f0c24-65b4-4c0d-950a-a56c58903bdd}</UniqueIdentifier>
    </Filter>
    <Filter Include="include\includes\lib\detours.X86">
      <UniqueIdentifier>{14f19311-ff33-4a98-bb85-1e877370caf5}</UniqueIdentifier>
    </Filter>
    <Filter Include="include\SimpleMode\Menu\RGB&amp;HUB%27">
      <UniqueIdentifier>{aad81775-cada-4927-b102-b018d6725906}</UniqueIdentifier>
    </Filter>
  </ItemGroup>
  <ItemGroup>
    <ClInclude Include="..\Utils\HMath.h">
      <Filter>include\Utils</Filter>
    </ClInclude>
    <ClInclude Include="..\Utils\Json.hpp">
      <Filter>include\Utils</Filter>
    </ClInclude>
    <ClInclude Include="..\Utils\Keys.h">
      <Filter>include\Utils</Filter>
    </ClInclude>
    <ClInclude Include="..\Utils\Utils.h">
      <Filter>include\Utils</Filter>
    </ClInclude>
    <ClInclude Include="..\Utils\xorstr.h">
      <Filter>include\Utils</Filter>
    </ClInclude>
    <ClInclude Include="Loader.h">
      <Filter>源文件</Filter>
    </ClInclude>
    <ClInclude Include="Module\ModManager.h">
      <Filter>include\SimpleMode\Module</Filter>
    </ClInclude>
    <ClInclude Include="..\includes\chakra\ChakraCommon.h">
      <Filter>include\includes\chakra</Filter>
    </ClInclude>
    <ClInclude Include="..\includes\chakra\ChakraCommonWindows.h">
      <Filter>include\includes\chakra</Filter>
    </ClInclude>
    <ClInclude Include="..\includes\chakra\ChakraCore.h">
      <Filter>include\includes\chakra</Filter>
    </ClInclude>
    <ClInclude Include="..\includes\chakra\ChakraCoreWindows.h">
      <Filter>include\includes\chakra</Filter>
    </ClInclude>
    <ClInclude Include="..\includes\chakra\ChakraDebug.h">
      <Filter>include\includes\chakra</Filter>
    </ClInclude>
    <ClInclude Include="..\includes\imgui\Hub\blur.hpp">
      <Filter>include\includes\imgui</Filter>
    </ClInclude>
    <ClInclude Include="..\includes\imgui\Hub\blur_x.h">
      <Filter>include\includes\imgui</Filter>
    </ClInclude>
    <ClInclude Include="..\includes\imgui\Hub\blur_y.h">
      <Filter>include\includes\imgui</Filter>
    </ClInclude>
    <ClInclude Include="..\includes\imgui\imconfig.h">
      <Filter>include\includes\imgui</Filter>
    </ClInclude>
    <ClInclude Include="..\includes\imgui\imgui.h">
      <Filter>include\includes\imgui</Filter>
    </ClInclude>
    <ClInclude Include="..\includes\imgui\imgui_impl_dx11.h">
      <Filter>include\includes\imgui</Filter>
    </ClInclude>
    <ClInclude Include="..\includes\imgui\imgui_impl_opengl2.h">
      <Filter>include\includes\imgui</Filter>
    </ClInclude>
    <ClInclude Include="..\includes\imgui\imgui_impl_win32.h">
      <Filter>include\includes\imgui</Filter>
    </ClInclude>
    <ClInclude Include="..\includes\imgui\imgui_internal.h">
      <Filter>include\includes\imgui</Filter>
    </ClInclude>
    <ClInclude Include="..\includes\imgui\imstb_rectpack.h">
      <Filter>include\includes\imgui</Filter>
    </ClInclude>
    <ClInclude Include="..\includes\imgui\imstb_textedit.h">
      <Filter>include\includes\imgui</Filter>
    </ClInclude>
    <ClInclude Include="..\includes\imgui\imstb_truetype.h">
      <Filter>include\includes\imgui</Filter>
    </ClInclude>
    <ClInclude Include="..\includes\kiero\kiero.h">
      <Filter>include\includes\kiero</Filter>
    </ClInclude>
    <ClInclude Include="..\includes\kiero\minhook\include\MinHook.h">
      <Filter>include\includes\kiero</Filter>
    </ClInclude>
    <ClInclude Include="..\includes\kiero\minhook\src\buffer.h">
      <Filter>include\includes\kiero</Filter>
    </ClInclude>
    <ClInclude Include="..\includes\kiero\minhook\src\hde\hde32.h">
      <Filter>include\includes\kiero</Filter>
    </ClInclude>
    <ClInclude Include="..\includes\kiero\minhook\src\hde\hde64.h">
      <Filter>include\includes\kiero</Filter>
    </ClInclude>
    <ClInclude Include="..\includes\kiero\minhook\src\hde\pstdint.h">
      <Filter>include\includes\kiero</Filter>
    </ClInclude>
    <ClInclude Include="..\includes\kiero\minhook\src\hde\table32.h">
      <Filter>include\includes\kiero</Filter>
    </ClInclude>
    <ClInclude Include="..\includes\kiero\minhook\src\hde\table64.h">
      <Filter>include\includes\kiero</Filter>
    </ClInclude>
    <ClInclude Include="..\includes\kiero\minhook\src\trampoline.h">
      <Filter>include\includes\kiero</Filter>
    </ClInclude>
    <ClInclude Include="..\includes\WinHttpClient.h">
      <Filter>include\includes</Filter>
    </ClInclude>
    <ClInclude Include="..\includes\atlrx.h">
      <Filter>include\includes</Filter>
    </ClInclude>
    <ClInclude Include="..\includes\RegExp.h">
      <Filter>include\includes</Filter>
    </ClInclude>
    <ClInclude Include="..\includes\StringProcess.h">
      <Filter>include\includes</Filter>
    </ClInclude>
    <ClInclude Include="Module\Modules\IModule.h">
      <Filter>include\SimpleMode\Module</Filter>
    </ClInclude>
    <ClInclude Include="Menu\css.h">
      <Filter>include\SimpleMode\Menu</Filter>
    </ClInclude>
    <ClInclude Include="..\includes\stb_image\stb_image.h">
      <Filter>include\includes</Filter>
    </ClInclude>
    <ClInclude Include="..\SDK\GameMode.h">
      <Filter>include\SDK</Filter>
    </ClInclude>
    <ClInclude Include="..\SDK\ActorBase.h">
      <Filter>include\SDK</Filter>
    </ClInclude>
    <ClInclude Include="..\includes\stb_image\imageloaderdx11.h">
      <Filter>include\includes</Filter>
    </ClInclude>
    <ClInclude Include="Menu\Font\background_pic.h">
      <Filter>include\SimpleMode\Menu</Filter>
    </ClInclude>
    <ClInclude Include="..\SDK\World.h">
      <Filter>include\SDK</Filter>
    </ClInclude>
    <ClInclude Include="Module\Modules\Airjump.h">
      <Filter>include\SimpleMode\Module\Modules\Movement</Filter>
    </ClInclude>
    <ClInclude Include="Module\Modules\speed.h">
      <Filter>include\SimpleMode\Module\Modules\Movement</Filter>
    </ClInclude>
    <ClInclude Include="Module\Modules\Derp.h">
      <Filter>include\SimpleMode\Module\Modules\Misc</Filter>
    </ClInclude>
    <ClInclude Include="..\Memory\GameData.h">
      <Filter>include\Memory</Filter>
    </ClInclude>
    <ClInclude Include="..\Memory\Hooks.h">
      <Filter>include\Memory</Filter>
    </ClInclude>
    <ClInclude Include="..\SDK\ActorList.h">
      <Filter>include\SDK</Filter>
    </ClInclude>
    <ClInclude Include="Menu\ModuleList.h">
      <Filter>include\SimpleMode\Module\Modules\Visual</Filter>
    </ClInclude>
    <ClInclude Include="..\SDK\ClientInstance.h">
      <Filter>include\SDK</Filter>
    </ClInclude>
    <ClInclude Include="Module\Modules\Bhop.h">
      <Filter>include\SimpleMode\Module\Modules\Movement</Filter>
    </ClInclude>
    <ClInclude Include="Module\Modules\Nuker.h">
      <Filter>include\SimpleMode\Module\Modules\World</Filter>
    </ClInclude>
    <ClInclude Include="Module\Modules\D3DEsp.h">
      <Filter>include\SimpleMode\Module\Modules\Visual</Filter>
    </ClInclude>
    <ClInclude Include="..\includes\detours.h">
      <Filter>include\includes</Filter>
    </ClInclude>
    <ClInclude Include="..\Utils\logger.h">
      <Filter>include\Utils</Filter>
    </ClInclude>
    <ClInclude Include="..\SDK\Item.h">
      <Filter>include\SDK</Filter>
    </ClInclude>
    <ClInclude Include="Module\Modules\Rangeblock.h">
      <Filter>include\SimpleMode\Module\Modules\World</Filter>
    </ClInclude>
    <ClInclude Include="Module\Modules\Killaura.h">
      <Filter>include\SimpleMode\Module\Modules\Combat</Filter>
    </ClInclude>
    <ClInclude Include="Module\Modules\Fly.h">
      <Filter>include\SimpleMode\Module\Modules\Movement</Filter>
    </ClInclude>
    <ClInclude Include="Module\Modules\AutoTP.h">
      <Filter>include\SimpleMode\Module\Modules\Player</Filter>
    </ClInclude>
    <ClInclude Include="Module\Modules\ESP.h">
      <Filter>include\SimpleMode\Module\Modules\Visual</Filter>
    </ClInclude>
    <ClInclude Include="Menu\HUB&amp;RGB\TimeH.hpp">
      <Filter>include\SimpleMode\Menu\RGB&amp;HUB%27</Filter>
    </ClInclude>
    <ClInclude Include="Menu\HUB&amp;RGB\ColorH.hpp">
      <Filter>include\SimpleMode\Menu\RGB&amp;HUB%27</Filter>
    </ClInclude>
    <ClInclude Include="Menu\HUB&amp;RGB\StringH.hpp">
      <Filter>include\SimpleMode\Menu\RGB&amp;HUB%27</Filter>
    </ClInclude>
    <ClInclude Include="Menu\HUB&amp;RGB\imgui_helper.hpp">
      <Filter>include\SimpleMode\Menu\RGB&amp;HUB%27</Filter>
    </ClInclude>
    <ClInclude Include="Menu\HUB&amp;RGB\MH.hpp">
      <Filter>include\SimpleMode\Menu\RGB&amp;HUB%27</Filter>
    </ClInclude>
    <ClInclude Include="..\Memory\SlimMem.h">
      <Filter>include\Memory</Filter>
    </ClInclude>
    <ClInclude Include="Menu\DrawUtils.h">
      <Filter>include\SimpleMode\Menu</Filter>
    </ClInclude>
    <ClInclude Include="Menu\Guiprogram.h">
      <Filter>include\SimpleMode\Menu</Filter>
    </ClInclude>
    <ClInclude Include="Menu\GuiControls.h">
      <Filter>include\SimpleMode\Menu</Filter>
    </ClInclude>
    <ClInclude Include="Menu\color_t.hpp">
      <Filter>include\SimpleMode\Menu</Filter>
    </ClInclude>
    <ClInclude Include="Menu\bytes.hpp">
      <Filter>include\SimpleMode\Menu</Filter>
    </ClInclude>
    <ClInclude Include="Menu\hashes.hpp">
      <Filter>include\SimpleMode\Menu</Filter>
    </ClInclude>
    <ClInclude Include="Menu\Font\Font.h">
      <Filter>include\SimpleMode\Menu</Filter>
    </ClInclude>
    <ClInclude Include="Module\Modules\Scaffold.h">
      <Filter>include\SimpleMode\Module\Modules\World</Filter>
    </ClInclude>
    <ClInclude Include="Config\UserManager.h">
      <Filter>include\SimpleMode\Module</Filter>
    </ClInclude>
  </ItemGroup>
  <ItemGroup>
    <ClCompile Include="Loader.cpp">
      <Filter>源文件</Filter>
    </ClCompile>
    <ClCompile Include="..\Utils\Utils.cpp">
      <Filter>include\Utils</Filter>
    </ClCompile>
    <ClCompile Include="Module\ModManager.cpp">
      <Filter>include\SimpleMode\Module</Filter>
    </ClCompile>
    <ClCompile Include="..\includes\imgui\Hub\blur.cpp">
      <Filter>include\includes\imgui</Filter>
    </ClCompile>
    <ClCompile Include="..\includes\imgui\imgui.cpp">
      <Filter>include\includes\imgui</Filter>
    </ClCompile>
    <ClCompile Include="..\includes\imgui\imgui_demo.cpp">
      <Filter>include\includes\imgui</Filter>
    </ClCompile>
    <ClCompile Include="..\includes\imgui\imgui_draw.cpp">
      <Filter>include\includes\imgui</Filter>
    </ClCompile>
    <ClCompile Include="..\includes\imgui\imgui_impl_dx11.cpp">
      <Filter>include\includes\imgui</Filter>
    </ClCompile>
    <ClCompile Include="..\includes\imgui\imgui_impl_opengl2.cpp">
      <Filter>include\includes\imgui</Filter>
    </ClCompile>
    <ClCompile Include="..\includes\imgui\imgui_impl_win32.cpp">
      <Filter>include\includes\imgui</Filter>
    </ClCompile>
    <ClCompile Include="..\includes\imgui\imgui_tables.cpp">
      <Filter>include\includes\imgui</Filter>
    </ClCompile>
    <ClCompile Include="..\includes\imgui\imgui_widgets.cpp">
      <Filter>include\includes\imgui</Filter>
    </ClCompile>
    <ClCompile Include="..\includes\kiero\kiero.cpp">
      <Filter>include\includes\kiero</Filter>
    </ClCompile>
    <ClCompile Include="..\includes\kiero\minhook\src\buffer.c">
      <Filter>include\includes\kiero</Filter>
    </ClCompile>
    <ClCompile Include="..\includes\kiero\minhook\src\hde\hde32.c">
      <Filter>include\includes\kiero</Filter>
    </ClCompile>
    <ClCompile Include="..\includes\kiero\minhook\src\hde\hde64.c">
      <Filter>include\includes\kiero</Filter>
    </ClCompile>
    <ClCompile Include="..\includes\kiero\minhook\src\hook.c">
      <Filter>include\includes\kiero</Filter>
    </ClCompile>
    <ClCompile Include="..\includes\kiero\minhook\src\trampoline.c">
      <Filter>include\includes\kiero</Filter>
    </ClCompile>
    <ClCompile Include="Module\Modules\IModule.cpp">
      <Filter>include\SimpleMode\Module</Filter>
    </ClCompile>
    <ClCompile Include="Menu\css.cpp">
      <Filter>include\SimpleMode\Menu</Filter>
    </ClCompile>
    <ClCompile Include="..\SDK\GameMode.cpp">
      <Filter>include\SDK</Filter>
    </ClCompile>
    <ClCompile Include="..\SDK\ActorBase.cpp">
      <Filter>include\SDK</Filter>
    </ClCompile>
    <ClCompile Include="..\SDK\World.cpp">
      <Filter>include\SDK</Filter>
    </ClCompile>
    <ClCompile Include="Module\Modules\Airjump.cpp">
      <Filter>include\SimpleMode\Module\Modules\Movement</Filter>
    </ClCompile>
    <ClCompile Include="Module\Modules\speed.cpp">
      <Filter>include\SimpleMode\Module\Modules\Movement</Filter>
    </ClCompile>
    <ClCompile Include="Module\Modules\Derp.cpp">
      <Filter>include\SimpleMode\Module\Modules\Misc</Filter>
    </ClCompile>
    <ClCompile Include="..\Memory\GameData.cpp">
      <Filter>include\Memory</Filter>
    </ClCompile>
    <ClCompile Include="..\Memory\Hooks.cpp">
      <Filter>include\Memory</Filter>
    </ClCompile>
    <ClCompile Include="..\SDK\ActorList.cpp">
      <Filter>include\SDK</Filter>
    </ClCompile>
    <ClCompile Include="Menu\ModuleList.cpp">
      <Filter>include\SimpleMode\Module\Modules\Visual</Filter>
    </ClCompile>
    <ClCompile Include="..\SDK\ClientInstance.cpp">
      <Filter>include\SDK</Filter>
    </ClCompile>
    <ClCompile Include="Module\Modules\Bhop.cpp">
      <Filter>include\SimpleMode\Module\Modules\Movement</Filter>
    </ClCompile>
    <ClCompile Include="Module\Modules\Nuker.cpp">
      <Filter>include\SimpleMode\Module\Modules\World</Filter>
    </ClCompile>
    <ClCompile Include="Module\Modules\D3DEsp.cpp">
      <Filter>include\SimpleMode\Module\Modules\Visual</Filter>
    </ClCompile>
    <ClCompile Include="..\Utils\logger.cpp">
      <Filter>include\Utils</Filter>
    </ClCompile>
    <ClCompile Include="..\SDK\Item.cpp">
      <Filter>include\SDK</Filter>
    </ClCompile>
    <ClCompile Include="Module\Modules\Rangeblock.cpp">
      <Filter>include\SimpleMode\Module\Modules\World</Filter>
    </ClCompile>
    <ClCompile Include="Module\Modules\Killaura.cpp">
      <Filter>include\SimpleMode\Module\Modules\Combat</Filter>
    </ClCompile>
    <ClCompile Include="Module\Modules\Fly.cpp">
      <Filter>include\SimpleMode\Module\Modules\Movement</Filter>
    </ClCompile>
    <ClCompile Include="Module\Modules\AutoTP.cpp">
      <Filter>include\SimpleMode\Module\Modules\Player</Filter>
    </ClCompile>
    <ClCompile Include="Module\Modules\ESP.cpp">
      <Filter>include\SimpleMode\Module\Modules\Visual</Filter>
    </ClCompile>
    <ClCompile Include="Menu\HUB&amp;RGB\TimeH.cpp">
      <Filter>include\SimpleMode\Menu\RGB&amp;HUB%27</Filter>
    </ClCompile>
    <ClCompile Include="Menu\HUB&amp;RGB\ColorH.cpp">
      <Filter>include\SimpleMode\Menu\RGB&amp;HUB%27</Filter>
    </ClCompile>
    <ClCompile Include="Menu\HUB&amp;RGB\StringH.cpp">
      <Filter>include\SimpleMode\Menu\RGB&amp;HUB%27</Filter>
    </ClCompile>
    <ClCompile Include="Menu\HUB&amp;RGB\imgui_helper.cpp">
      <Filter>include\SimpleMode\Menu\RGB&amp;HUB%27</Filter>
    </ClCompile>
    <ClCompile Include="Menu\HUB&amp;RGB\MH.cpp">
      <Filter>include\SimpleMode\Menu\RGB&amp;HUB%27</Filter>
    </ClCompile>
    <ClCompile Include="..\Memory\SlimMem.cpp">
      <Filter>include\Memory</Filter>
    </ClCompile>
    <ClCompile Include="Menu\DrawUtils.cpp">
      <Filter>include\SimpleMode\Menu</Filter>
    </ClCompile>
    <ClCompile Include="Menu\Guiprogram.cpp">
      <Filter>include\SimpleMode\Menu</Filter>
    </ClCompile>
    <ClCompile Include="Menu\GuiControls.cpp">
      <Filter>include\SimpleMode\Menu</Filter>
    </ClCompile>
    <ClCompile Include="Module\Modules\Scaffold.cpp">
      <Filter>include\SimpleMode\Module\Modules\World</Filter>
    </ClCompile>
    <ClCompile Include="Config\UserManager.cpp">
      <Filter>include\SimpleMode\Module</Filter>
    </ClCompile>
  </ItemGroup>
  <ItemGroup>
    <Library Include="..\includes\detours.X86\detours.lib">
      <Filter>include\includes\lib\detours.X86</Filter>
    </Library>
    <Library Include="..\includes\detours.X86\syelog.lib">
      <Filter>include\includes\lib\detours.X86</Filter>
    </Library>
  </ItemGroup>
</Project>